
Microsoft Visual Studio Solution File, Format Version 12.00
# Visual Studio Version 17
VisualStudioVersion = 17.7.34031.279
MinimumVisualStudioVersion = 10.0.40219.1
Project("{FAE04EC0-301F-11D3-BF4B-00C04F79EFBC}") = "Digital Vending Machine", "Digital-Vending-Machine\Digital Vending Machine.csproj", "{EDC6904F-1E6C-432F-BB4D-D0F0F1DA2679}"
EndProject
Global
	GlobalSection(SolutionConfigurationPlatforms) = preSolution
		Debug|Any CPU = Debug|Any CPU
		Release|Any CPU = Release|Any CPU
	EndGlobalSection
	GlobalSection(ProjectConfigurationPlatforms) = postSolution
		{EDC6904F-1E6C-432F-BB4D-D0F0F1DA2679}.Debug|Any CPU.ActiveCfg = Debug|Any CPU
		{EDC6904F-1E6C-432F-BB4D-D0F0F1DA2679}.Debug|Any CPU.Build.0 = Debug|Any CPU
		{EDC6904F-1E6C-432F-BB4D-D0F0F1DA2679}.Release|Any CPU.ActiveCfg = Release|Any CPU
		{EDC6904F-1E6C-432F-BB4D-D0F0F1DA2679}.Release|Any CPU.Build.0 = Release|Any CPU
	EndGlobalSection
	GlobalSection(SolutionProperties) = preSolution
		HideSolutionNode = FALSE
	EndGlobalSection
	GlobalSection(ExtensibilityGlobals) = postSolution
		SolutionGuid = {03FAC3E0-9B38-40E5-85CB-064AAF513E73}
	EndGlobalSection
EndGlobal
